
Microsoft Visual Studio Solution File, Format Version 12.00
# Visual Studio 15
VisualStudioVersion = 15.0.26124.0
MinimumVisualStudioVersion = 15.0.26124.0
Project("{FAE04EC0-301F-11D3-BF4B-00C04F79EFBC}") = "Shipbot.Controller", "src\Shipbot.Controller\Shipbot.Controller.csproj", "{58DB82DA-60BC-402E-B2B2-E2ECA450CDA9}"
EndProject
Project("{FAE04EC0-301F-11D3-BF4B-00C04F79EFBC}") = "OperatorSdk", "src\OperatorSdk\OperatorSdk.csproj", "{B8337EFC-F674-4E1D-A482-4CE26ACD45A4}"
EndProject
Project("{FAE04EC0-301F-11D3-BF4B-00C04F79EFBC}") = "Shipbot.ArgoSupport", "src\Shipbot.ArgoSupport\Shipbot.ArgoSupport.csproj", "{37A80176-B2BB-4E9B-AE73-C928F6651521}"
EndProject
Project("{FAE04EC0-301F-11D3-BF4B-00C04F79EFBC}") = "OperatorSdk.Eks", "src\OperatorSdk.Eks\OperatorSdk.Eks.csproj", "{99150715-ABE9-46C2-8471-7ED93316397F}"
EndProject
Project("{FAE04EC0-301F-11D3-BF4B-00C04F79EFBC}") = "Shipbot.Tests", "src\Shipbot.Tests\Shipbot.Tests.csproj", "{A38CC639-4E36-4814-9246-2854C62ED70F}"
EndProject
Project("{FAE04EC0-301F-11D3-BF4B-00C04F79EFBC}") = "Shipbot.Deployments", "src\Shipbot.Deployments\Shipbot.Deployments.csproj", "{017A46B5-8941-41E9-A314-300120CEA88F}"
EndProject
Project("{FAE04EC0-301F-11D3-BF4B-00C04F79EFBC}") = "Shipbot.Applications", "src\Shipbot.Applications\Shipbot.Applications.csproj", "{F54C8DE4-B99C-4554-ABD2-472D91FB116F}"
EndProject
Project("{FAE04EC0-301F-11D3-BF4B-00C04F79EFBC}") = "Shipbot.Configuration", "src\Shipbot.Configuration\Shipbot.Configuration.csproj", "{15C808F7-0D49-4C8D-84AA-557580D09F64}"
EndProject
Project("{FAE04EC0-301F-11D3-BF4B-00C04F79EFBC}") = "Shipbot.Models", "src\Shipbot.Models\Shipbot.Models.csproj", "{A4A9EAAA-4BCF-4858-A1DF-2C2E123A434F}"
EndProject
Project("{FAE04EC0-301F-11D3-BF4B-00C04F79EFBC}") = "Shipbot.ContainerRegistry", "src\Shipbot.ContainerRegistry\Shipbot.ContainerRegistry.csproj", "{9A813B7E-C341-43B8-9350-A74CE6AA8DB6}"
EndProject
Project("{FAE04EC0-301F-11D3-BF4B-00C04F79EFBC}") = "Shipbot.Contracts", "src\Shipbot.Contracts\Shipbot.Contracts.csproj", "{DDBB08EF-8E25-460D-A0CC-30AA699C36BD}"
EndProject
Project("{FAE04EC0-301F-11D3-BF4B-00C04F79EFBC}") = "Shipbot.DbMigrations", "src\Shipbot.DbMigrations\Shipbot.DbMigrations.csproj", "{E3BF4DFE-6036-4F23-B652-4B6FD867E6CD}"
EndProject
Project("{FAE04EC0-301F-11D3-BF4B-00C04F79EFBC}") = "Shipbot.DeploymentSources", "src\Shipbot.DeploymentSources\Shipbot.DeploymentSources.csproj", "{B8E9C5D8-C05E-4618-BEDA-F41D075CA67C}"
EndProject
Project("{FAE04EC0-301F-11D3-BF4B-00C04F79EFBC}") = "Shipbot.JobScheduling", "src\Shipbot.JobScheduling\Shipbot.JobScheduling.csproj", "{D7B6A20A-C467-4ABA-A735-A8027C5C51E8}"
EndProject
Project("{FAE04EC0-301F-11D3-BF4B-00C04F79EFBC}") = "Shipbot.SlackIntegration", "src\Shipbot.SlackIntegration\Shipbot.SlackIntegration.csproj", "{60ADE416-A272-4B93-BE12-A85A69D49A23}"
EndProject
Project("{FAE04EC0-301F-11D3-BF4B-00C04F79EFBC}") = "Shipbot.Data", "src\Shipbot.Data\Shipbot.Data.csproj", "{F0B6F78D-2D7E-42C1-8B46-FDDA983C2A14}"
EndProject
Project("{FAE04EC0-301F-11D3-BF4B-00C04F79EFBC}") = "Shipbot.Host", "src\Shipbot.Host\Shipbot.Host.csproj", "{F49EC512-1841-42B7-A8B8-A06EC39DF5BB}"
EndProject
Project("{2150E333-8FDC-42A3-9474-1A3956D46DE8}") = "Libraries", "Libraries", "{16009403-BD94-489E-AFF3-061CE94C51DB}"
EndProject
Project("{2150E333-8FDC-42A3-9474-1A3956D46DE8}") = "CLI", "CLI", "{90AE6D86-DF20-4309-8A9D-9500AB0289D7}"
EndProject
Project("{2150E333-8FDC-42A3-9474-1A3956D46DE8}") = "src", "src", "{30BD484D-A90B-4643-81BE-25C6FF73B3F2}"
EndProject
Project("{FAE04EC0-301F-11D3-BF4B-00C04F79EFBC}") = "Shipbot.ContainerRegistry.Dummy", "src\Shipbot.ContainerRegistry.Dummy\Shipbot.ContainerRegistry.Dummy.csproj", "{F99FCD81-FF31-4D8E-B93F-98EDF9E779D3}"
EndProject
Project("{2150E333-8FDC-42A3-9474-1A3956D46DE8}") = "K8s", "K8s", "{7979C76C-1918-44E2-990C-CB08C9B40F77}"
EndProject
Global
	GlobalSection(SolutionConfigurationPlatforms) = preSolution
		Debug|Any CPU = Debug|Any CPU
		Debug|x64 = Debug|x64
		Debug|x86 = Debug|x86
		Release|Any CPU = Release|Any CPU
		Release|x64 = Release|x64
		Release|x86 = Release|x86
	EndGlobalSection
	GlobalSection(SolutionProperties) = preSolution
		HideSolutionNode = FALSE
	EndGlobalSection
	GlobalSection(ProjectConfigurationPlatforms) = postSolution
		{58DB82DA-60BC-402E-B2B2-E2ECA450CDA9}.Debug|Any CPU.ActiveCfg = Debug|Any CPU
		{58DB82DA-60BC-402E-B2B2-E2ECA450CDA9}.Debug|Any CPU.Build.0 = Debug|Any CPU
		{58DB82DA-60BC-402E-B2B2-E2ECA450CDA9}.Debug|x64.ActiveCfg = Debug|Any CPU
		{58DB82DA-60BC-402E-B2B2-E2ECA450CDA9}.Debug|x64.Build.0 = Debug|Any CPU
		{58DB82DA-60BC-402E-B2B2-E2ECA450CDA9}.Debug|x86.ActiveCfg = Debug|Any CPU
		{58DB82DA-60BC-402E-B2B2-E2ECA450CDA9}.Debug|x86.Build.0 = Debug|Any CPU
		{58DB82DA-60BC-402E-B2B2-E2ECA450CDA9}.Release|Any CPU.ActiveCfg = Release|Any CPU
		{58DB82DA-60BC-402E-B2B2-E2ECA450CDA9}.Release|Any CPU.Build.0 = Release|Any CPU
		{58DB82DA-60BC-402E-B2B2-E2ECA450CDA9}.Release|x64.ActiveCfg = Release|Any CPU
		{58DB82DA-60BC-402E-B2B2-E2ECA450CDA9}.Release|x64.Build.0 = Release|Any CPU
		{58DB82DA-60BC-402E-B2B2-E2ECA450CDA9}.Release|x86.ActiveCfg = Release|Any CPU
		{58DB82DA-60BC-402E-B2B2-E2ECA450CDA9}.Release|x86.Build.0 = Release|Any CPU
		{B8337EFC-F674-4E1D-A482-4CE26ACD45A4}.Debug|Any CPU.ActiveCfg = Debug|Any CPU
		{B8337EFC-F674-4E1D-A482-4CE26ACD45A4}.Debug|Any CPU.Build.0 = Debug|Any CPU
		{B8337EFC-F674-4E1D-A482-4CE26ACD45A4}.Debug|x64.ActiveCfg = Debug|Any CPU
		{B8337EFC-F674-4E1D-A482-4CE26ACD45A4}.Debug|x64.Build.0 = Debug|Any CPU
		{B8337EFC-F674-4E1D-A482-4CE26ACD45A4}.Debug|x86.ActiveCfg = Debug|Any CPU
		{B8337EFC-F674-4E1D-A482-4CE26ACD45A4}.Debug|x86.Build.0 = Debug|Any CPU
		{B8337EFC-F674-4E1D-A482-4CE26ACD45A4}.Release|Any CPU.ActiveCfg = Release|Any CPU
		{B8337EFC-F674-4E1D-A482-4CE26ACD45A4}.Release|Any CPU.Build.0 = Release|Any CPU
		{B8337EFC-F674-4E1D-A482-4CE26ACD45A4}.Release|x64.ActiveCfg = Release|Any CPU
		{B8337EFC-F674-4E1D-A482-4CE26ACD45A4}.Release|x64.Build.0 = Release|Any CPU
		{B8337EFC-F674-4E1D-A482-4CE26ACD45A4}.Release|x86.ActiveCfg = Release|Any CPU
		{B8337EFC-F674-4E1D-A482-4CE26ACD45A4}.Release|x86.Build.0 = Release|Any CPU
		{37A80176-B2BB-4E9B-AE73-C928F6651521}.Debug|Any CPU.ActiveCfg = Debug|Any CPU
		{37A80176-B2BB-4E9B-AE73-C928F6651521}.Debug|Any CPU.Build.0 = Debug|Any CPU
		{37A80176-B2BB-4E9B-AE73-C928F6651521}.Debug|x64.ActiveCfg = Debug|Any CPU
		{37A80176-B2BB-4E9B-AE73-C928F6651521}.Debug|x64.Build.0 = Debug|Any CPU
		{37A80176-B2BB-4E9B-AE73-C928F6651521}.Debug|x86.ActiveCfg = Debug|Any CPU
		{37A80176-B2BB-4E9B-AE73-C928F6651521}.Debug|x86.Build.0 = Debug|Any CPU
		{37A80176-B2BB-4E9B-AE73-C928F6651521}.Release|Any CPU.ActiveCfg = Release|Any CPU
		{37A80176-B2BB-4E9B-AE73-C928F6651521}.Release|Any CPU.Build.0 = Release|Any CPU
		{37A80176-B2BB-4E9B-AE73-C928F6651521}.Release|x64.ActiveCfg = Release|Any CPU
		{37A80176-B2BB-4E9B-AE73-C928F6651521}.Release|x64.Build.0 = Release|Any CPU
		{37A80176-B2BB-4E9B-AE73-C928F6651521}.Release|x86.ActiveCfg = Release|Any CPU
		{37A80176-B2BB-4E9B-AE73-C928F6651521}.Release|x86.Build.0 = Release|Any CPU
		{99150715-ABE9-46C2-8471-7ED93316397F}.Debug|Any CPU.ActiveCfg = Debug|Any CPU
		{99150715-ABE9-46C2-8471-7ED93316397F}.Debug|Any CPU.Build.0 = Debug|Any CPU
		{99150715-ABE9-46C2-8471-7ED93316397F}.Debug|x64.ActiveCfg = Debug|Any CPU
		{99150715-ABE9-46C2-8471-7ED93316397F}.Debug|x64.Build.0 = Debug|Any CPU
		{99150715-ABE9-46C2-8471-7ED93316397F}.Debug|x86.ActiveCfg = Debug|Any CPU
		{99150715-ABE9-46C2-8471-7ED93316397F}.Debug|x86.Build.0 = Debug|Any CPU
		{99150715-ABE9-46C2-8471-7ED93316397F}.Release|Any CPU.ActiveCfg = Release|Any CPU
		{99150715-ABE9-46C2-8471-7ED93316397F}.Release|Any CPU.Build.0 = Release|Any CPU
		{99150715-ABE9-46C2-8471-7ED93316397F}.Release|x64.ActiveCfg = Release|Any CPU
		{99150715-ABE9-46C2-8471-7ED93316397F}.Release|x64.Build.0 = Release|Any CPU
		{99150715-ABE9-46C2-8471-7ED93316397F}.Release|x86.ActiveCfg = Release|Any CPU
		{99150715-ABE9-46C2-8471-7ED93316397F}.Release|x86.Build.0 = Release|Any CPU
		{A38CC639-4E36-4814-9246-2854C62ED70F}.Debug|Any CPU.ActiveCfg = Debug|Any CPU
		{A38CC639-4E36-4814-9246-2854C62ED70F}.Debug|Any CPU.Build.0 = Debug|Any CPU
		{A38CC639-4E36-4814-9246-2854C62ED70F}.Debug|x64.ActiveCfg = Debug|Any CPU
		{A38CC639-4E36-4814-9246-2854C62ED70F}.Debug|x64.Build.0 = Debug|Any CPU
		{A38CC639-4E36-4814-9246-2854C62ED70F}.Debug|x86.ActiveCfg = Debug|Any CPU
		{A38CC639-4E36-4814-9246-2854C62ED70F}.Debug|x86.Build.0 = Debug|Any CPU
		{A38CC639-4E36-4814-9246-2854C62ED70F}.Release|Any CPU.ActiveCfg = Release|Any CPU
		{A38CC639-4E36-4814-9246-2854C62ED70F}.Release|Any CPU.Build.0 = Release|Any CPU
		{A38CC639-4E36-4814-9246-2854C62ED70F}.Release|x64.ActiveCfg = Release|Any CPU
		{A38CC639-4E36-4814-9246-2854C62ED70F}.Release|x64.Build.0 = Release|Any CPU
		{A38CC639-4E36-4814-9246-2854C62ED70F}.Release|x86.ActiveCfg = Release|Any CPU
		{A38CC639-4E36-4814-9246-2854C62ED70F}.Release|x86.Build.0 = Release|Any CPU
		{017A46B5-8941-41E9-A314-300120CEA88F}.Debug|Any CPU.ActiveCfg = Debug|Any CPU
		{017A46B5-8941-41E9-A314-300120CEA88F}.Debug|Any CPU.Build.0 = Debug|Any CPU
		{017A46B5-8941-41E9-A314-300120CEA88F}.Debug|x64.ActiveCfg = Debug|Any CPU
		{017A46B5-8941-41E9-A314-300120CEA88F}.Debug|x64.Build.0 = Debug|Any CPU
		{017A46B5-8941-41E9-A314-300120CEA88F}.Debug|x86.ActiveCfg = Debug|Any CPU
		{017A46B5-8941-41E9-A314-300120CEA88F}.Debug|x86.Build.0 = Debug|Any CPU
		{017A46B5-8941-41E9-A314-300120CEA88F}.Release|Any CPU.ActiveCfg = Release|Any CPU
		{017A46B5-8941-41E9-A314-300120CEA88F}.Release|Any CPU.Build.0 = Release|Any CPU
		{017A46B5-8941-41E9-A314-300120CEA88F}.Release|x64.ActiveCfg = Release|Any CPU
		{017A46B5-8941-41E9-A314-300120CEA88F}.Release|x64.Build.0 = Release|Any CPU
		{017A46B5-8941-41E9-A314-300120CEA88F}.Release|x86.ActiveCfg = Release|Any CPU
		{017A46B5-8941-41E9-A314-300120CEA88F}.Release|x86.Build.0 = Release|Any CPU
		{F54C8DE4-B99C-4554-ABD2-472D91FB116F}.Debug|Any CPU.ActiveCfg = Debug|Any CPU
		{F54C8DE4-B99C-4554-ABD2-472D91FB116F}.Debug|Any CPU.Build.0 = Debug|Any CPU
		{F54C8DE4-B99C-4554-ABD2-472D91FB116F}.Debug|x64.ActiveCfg = Debug|Any CPU
		{F54C8DE4-B99C-4554-ABD2-472D91FB116F}.Debug|x64.Build.0 = Debug|Any CPU
		{F54C8DE4-B99C-4554-ABD2-472D91FB116F}.Debug|x86.ActiveCfg = Debug|Any CPU
		{F54C8DE4-B99C-4554-ABD2-472D91FB116F}.Debug|x86.Build.0 = Debug|Any CPU
		{F54C8DE4-B99C-4554-ABD2-472D91FB116F}.Release|Any CPU.ActiveCfg = Release|Any CPU
		{F54C8DE4-B99C-4554-ABD2-472D91FB116F}.Release|Any CPU.Build.0 = Release|Any CPU
		{F54C8DE4-B99C-4554-ABD2-472D91FB116F}.Release|x64.ActiveCfg = Release|Any CPU
		{F54C8DE4-B99C-4554-ABD2-472D91FB116F}.Release|x64.Build.0 = Release|Any CPU
		{F54C8DE4-B99C-4554-ABD2-472D91FB116F}.Release|x86.ActiveCfg = Release|Any CPU
		{F54C8DE4-B99C-4554-ABD2-472D91FB116F}.Release|x86.Build.0 = Release|Any CPU
		{15C808F7-0D49-4C8D-84AA-557580D09F64}.Debug|Any CPU.ActiveCfg = Debug|Any CPU
		{15C808F7-0D49-4C8D-84AA-557580D09F64}.Debug|Any CPU.Build.0 = Debug|Any CPU
		{15C808F7-0D49-4C8D-84AA-557580D09F64}.Debug|x64.ActiveCfg = Debug|Any CPU
		{15C808F7-0D49-4C8D-84AA-557580D09F64}.Debug|x64.Build.0 = Debug|Any CPU
		{15C808F7-0D49-4C8D-84AA-557580D09F64}.Debug|x86.ActiveCfg = Debug|Any CPU
		{15C808F7-0D49-4C8D-84AA-557580D09F64}.Debug|x86.Build.0 = Debug|Any CPU
		{15C808F7-0D49-4C8D-84AA-557580D09F64}.Release|Any CPU.ActiveCfg = Release|Any CPU
		{15C808F7-0D49-4C8D-84AA-557580D09F64}.Release|Any CPU.Build.0 = Release|Any CPU
		{15C808F7-0D49-4C8D-84AA-557580D09F64}.Release|x64.ActiveCfg = Release|Any CPU
		{15C808F7-0D49-4C8D-84AA-557580D09F64}.Release|x64.Build.0 = Release|Any CPU
		{15C808F7-0D49-4C8D-84AA-557580D09F64}.Release|x86.ActiveCfg = Release|Any CPU
		{15C808F7-0D49-4C8D-84AA-557580D09F64}.Release|x86.Build.0 = Release|Any CPU
		{A4A9EAAA-4BCF-4858-A1DF-2C2E123A434F}.Debug|Any CPU.ActiveCfg = Debug|Any CPU
		{A4A9EAAA-4BCF-4858-A1DF-2C2E123A434F}.Debug|Any CPU.Build.0 = Debug|Any CPU
		{A4A9EAAA-4BCF-4858-A1DF-2C2E123A434F}.Debug|x64.ActiveCfg = Debug|Any CPU
		{A4A9EAAA-4BCF-4858-A1DF-2C2E123A434F}.Debug|x64.Build.0 = Debug|Any CPU
		{A4A9EAAA-4BCF-4858-A1DF-2C2E123A434F}.Debug|x86.ActiveCfg = Debug|Any CPU
		{A4A9EAAA-4BCF-4858-A1DF-2C2E123A434F}.Debug|x86.Build.0 = Debug|Any CPU
		{A4A9EAAA-4BCF-4858-A1DF-2C2E123A434F}.Release|Any CPU.ActiveCfg = Release|Any CPU
		{A4A9EAAA-4BCF-4858-A1DF-2C2E123A434F}.Release|Any CPU.Build.0 = Release|Any CPU
		{A4A9EAAA-4BCF-4858-A1DF-2C2E123A434F}.Release|x64.ActiveCfg = Release|Any CPU
		{A4A9EAAA-4BCF-4858-A1DF-2C2E123A434F}.Release|x64.Build.0 = Release|Any CPU
		{A4A9EAAA-4BCF-4858-A1DF-2C2E123A434F}.Release|x86.ActiveCfg = Release|Any CPU
		{A4A9EAAA-4BCF-4858-A1DF-2C2E123A434F}.Release|x86.Build.0 = Release|Any CPU
		{9A813B7E-C341-43B8-9350-A74CE6AA8DB6}.Debug|Any CPU.ActiveCfg = Debug|Any CPU
		{9A813B7E-C341-43B8-9350-A74CE6AA8DB6}.Debug|Any CPU.Build.0 = Debug|Any CPU
		{9A813B7E-C341-43B8-9350-A74CE6AA8DB6}.Debug|x64.ActiveCfg = Debug|Any CPU
		{9A813B7E-C341-43B8-9350-A74CE6AA8DB6}.Debug|x64.Build.0 = Debug|Any CPU
		{9A813B7E-C341-43B8-9350-A74CE6AA8DB6}.Debug|x86.ActiveCfg = Debug|Any CPU
		{9A813B7E-C341-43B8-9350-A74CE6AA8DB6}.Debug|x86.Build.0 = Debug|Any CPU
		{9A813B7E-C341-43B8-9350-A74CE6AA8DB6}.Release|Any CPU.ActiveCfg = Release|Any CPU
		{9A813B7E-C341-43B8-9350-A74CE6AA8DB6}.Release|Any CPU.Build.0 = Release|Any CPU
		{9A813B7E-C341-43B8-9350-A74CE6AA8DB6}.Release|x64.ActiveCfg = Release|Any CPU
		{9A813B7E-C341-43B8-9350-A74CE6AA8DB6}.Release|x64.Build.0 = Release|Any CPU
		{9A813B7E-C341-43B8-9350-A74CE6AA8DB6}.Release|x86.ActiveCfg = Release|Any CPU
		{9A813B7E-C341-43B8-9350-A74CE6AA8DB6}.Release|x86.Build.0 = Release|Any CPU
		{DDBB08EF-8E25-460D-A0CC-30AA699C36BD}.Debug|Any CPU.ActiveCfg = Debug|Any CPU
		{DDBB08EF-8E25-460D-A0CC-30AA699C36BD}.Debug|Any CPU.Build.0 = Debug|Any CPU
		{DDBB08EF-8E25-460D-A0CC-30AA699C36BD}.Debug|x64.ActiveCfg = Debug|Any CPU
		{DDBB08EF-8E25-460D-A0CC-30AA699C36BD}.Debug|x64.Build.0 = Debug|Any CPU
		{DDBB08EF-8E25-460D-A0CC-30AA699C36BD}.Debug|x86.ActiveCfg = Debug|Any CPU
		{DDBB08EF-8E25-460D-A0CC-30AA699C36BD}.Debug|x86.Build.0 = Debug|Any CPU
		{DDBB08EF-8E25-460D-A0CC-30AA699C36BD}.Release|Any CPU.ActiveCfg = Release|Any CPU
		{DDBB08EF-8E25-460D-A0CC-30AA699C36BD}.Release|Any CPU.Build.0 = Release|Any CPU
		{DDBB08EF-8E25-460D-A0CC-30AA699C36BD}.Release|x64.ActiveCfg = Release|Any CPU
		{DDBB08EF-8E25-460D-A0CC-30AA699C36BD}.Release|x64.Build.0 = Release|Any CPU
		{DDBB08EF-8E25-460D-A0CC-30AA699C36BD}.Release|x86.ActiveCfg = Release|Any CPU
		{DDBB08EF-8E25-460D-A0CC-30AA699C36BD}.Release|x86.Build.0 = Release|Any CPU
		{E3BF4DFE-6036-4F23-B652-4B6FD867E6CD}.Debug|Any CPU.ActiveCfg = Debug|Any CPU
		{E3BF4DFE-6036-4F23-B652-4B6FD867E6CD}.Debug|Any CPU.Build.0 = Debug|Any CPU
		{E3BF4DFE-6036-4F23-B652-4B6FD867E6CD}.Debug|x64.ActiveCfg = Debug|Any CPU
		{E3BF4DFE-6036-4F23-B652-4B6FD867E6CD}.Debug|x64.Build.0 = Debug|Any CPU
		{E3BF4DFE-6036-4F23-B652-4B6FD867E6CD}.Debug|x86.ActiveCfg = Debug|Any CPU
		{E3BF4DFE-6036-4F23-B652-4B6FD867E6CD}.Debug|x86.Build.0 = Debug|Any CPU
		{E3BF4DFE-6036-4F23-B652-4B6FD867E6CD}.Release|Any CPU.ActiveCfg = Release|Any CPU
		{E3BF4DFE-6036-4F23-B652-4B6FD867E6CD}.Release|Any CPU.Build.0 = Release|Any CPU
		{E3BF4DFE-6036-4F23-B652-4B6FD867E6CD}.Release|x64.ActiveCfg = Release|Any CPU
		{E3BF4DFE-6036-4F23-B652-4B6FD867E6CD}.Release|x64.Build.0 = Release|Any CPU
		{E3BF4DFE-6036-4F23-B652-4B6FD867E6CD}.Release|x86.ActiveCfg = Release|Any CPU
		{E3BF4DFE-6036-4F23-B652-4B6FD867E6CD}.Release|x86.Build.0 = Release|Any CPU
		{B8E9C5D8-C05E-4618-BEDA-F41D075CA67C}.Debug|Any CPU.ActiveCfg = Debug|Any CPU
		{B8E9C5D8-C05E-4618-BEDA-F41D075CA67C}.Debug|Any CPU.Build.0 = Debug|Any CPU
		{B8E9C5D8-C05E-4618-BEDA-F41D075CA67C}.Debug|x64.ActiveCfg = Debug|Any CPU
		{B8E9C5D8-C05E-4618-BEDA-F41D075CA67C}.Debug|x64.Build.0 = Debug|Any CPU
		{B8E9C5D8-C05E-4618-BEDA-F41D075CA67C}.Debug|x86.ActiveCfg = Debug|Any CPU
		{B8E9C5D8-C05E-4618-BEDA-F41D075CA67C}.Debug|x86.Build.0 = Debug|Any CPU
		{B8E9C5D8-C05E-4618-BEDA-F41D075CA67C}.Release|Any CPU.ActiveCfg = Release|Any CPU
		{B8E9C5D8-C05E-4618-BEDA-F41D075CA67C}.Release|Any CPU.Build.0 = Release|Any CPU
		{B8E9C5D8-C05E-4618-BEDA-F41D075CA67C}.Release|x64.ActiveCfg = Release|Any CPU
		{B8E9C5D8-C05E-4618-BEDA-F41D075CA67C}.Release|x64.Build.0 = Release|Any CPU
		{B8E9C5D8-C05E-4618-BEDA-F41D075CA67C}.Release|x86.ActiveCfg = Release|Any CPU
		{B8E9C5D8-C05E-4618-BEDA-F41D075CA67C}.Release|x86.Build.0 = Release|Any CPU
		{D7B6A20A-C467-4ABA-A735-A8027C5C51E8}.Debug|Any CPU.ActiveCfg = Debug|Any CPU
		{D7B6A20A-C467-4ABA-A735-A8027C5C51E8}.Debug|Any CPU.Build.0 = Debug|Any CPU
		{D7B6A20A-C467-4ABA-A735-A8027C5C51E8}.Debug|x64.ActiveCfg = Debug|Any CPU
		{D7B6A20A-C467-4ABA-A735-A8027C5C51E8}.Debug|x64.Build.0 = Debug|Any CPU
		{D7B6A20A-C467-4ABA-A735-A8027C5C51E8}.Debug|x86.ActiveCfg = Debug|Any CPU
		{D7B6A20A-C467-4ABA-A735-A8027C5C51E8}.Debug|x86.Build.0 = Debug|Any CPU
		{D7B6A20A-C467-4ABA-A735-A8027C5C51E8}.Release|Any CPU.ActiveCfg = Release|Any CPU
		{D7B6A20A-C467-4ABA-A735-A8027C5C51E8}.Release|Any CPU.Build.0 = Release|Any CPU
		{D7B6A20A-C467-4ABA-A735-A8027C5C51E8}.Release|x64.ActiveCfg = Release|Any CPU
		{D7B6A20A-C467-4ABA-A735-A8027C5C51E8}.Release|x64.Build.0 = Release|Any CPU
		{D7B6A20A-C467-4ABA-A735-A8027C5C51E8}.Release|x86.ActiveCfg = Release|Any CPU
		{D7B6A20A-C467-4ABA-A735-A8027C5C51E8}.Release|x86.Build.0 = Release|Any CPU
		{60ADE416-A272-4B93-BE12-A85A69D49A23}.Debug|Any CPU.ActiveCfg = Debug|Any CPU
		{60ADE416-A272-4B93-BE12-A85A69D49A23}.Debug|Any CPU.Build.0 = Debug|Any CPU
		{60ADE416-A272-4B93-BE12-A85A69D49A23}.Debug|x64.ActiveCfg = Debug|Any CPU
		{60ADE416-A272-4B93-BE12-A85A69D49A23}.Debug|x64.Build.0 = Debug|Any CPU
		{60ADE416-A272-4B93-BE12-A85A69D49A23}.Debug|x86.ActiveCfg = Debug|Any CPU
		{60ADE416-A272-4B93-BE12-A85A69D49A23}.Debug|x86.Build.0 = Debug|Any CPU
		{60ADE416-A272-4B93-BE12-A85A69D49A23}.Release|Any CPU.ActiveCfg = Release|Any CPU
		{60ADE416-A272-4B93-BE12-A85A69D49A23}.Release|Any CPU.Build.0 = Release|Any CPU
		{60ADE416-A272-4B93-BE12-A85A69D49A23}.Release|x64.ActiveCfg = Release|Any CPU
		{60ADE416-A272-4B93-BE12-A85A69D49A23}.Release|x64.Build.0 = Release|Any CPU
		{60ADE416-A272-4B93-BE12-A85A69D49A23}.Release|x86.ActiveCfg = Release|Any CPU
		{60ADE416-A272-4B93-BE12-A85A69D49A23}.Release|x86.Build.0 = Release|Any CPU
		{F0B6F78D-2D7E-42C1-8B46-FDDA983C2A14}.Debug|Any CPU.ActiveCfg = Debug|Any CPU
		{F0B6F78D-2D7E-42C1-8B46-FDDA983C2A14}.Debug|Any CPU.Build.0 = Debug|Any CPU
		{F0B6F78D-2D7E-42C1-8B46-FDDA983C2A14}.Debug|x64.ActiveCfg = Debug|Any CPU
		{F0B6F78D-2D7E-42C1-8B46-FDDA983C2A14}.Debug|x64.Build.0 = Debug|Any CPU
		{F0B6F78D-2D7E-42C1-8B46-FDDA983C2A14}.Debug|x86.ActiveCfg = Debug|Any CPU
		{F0B6F78D-2D7E-42C1-8B46-FDDA983C2A14}.Debug|x86.Build.0 = Debug|Any CPU
		{F0B6F78D-2D7E-42C1-8B46-FDDA983C2A14}.Release|Any CPU.ActiveCfg = Release|Any CPU
		{F0B6F78D-2D7E-42C1-8B46-FDDA983C2A14}.Release|Any CPU.Build.0 = Release|Any CPU
		{F0B6F78D-2D7E-42C1-8B46-FDDA983C2A14}.Release|x64.ActiveCfg = Release|Any CPU
		{F0B6F78D-2D7E-42C1-8B46-FDDA983C2A14}.Release|x64.Build.0 = Release|Any CPU
		{F0B6F78D-2D7E-42C1-8B46-FDDA983C2A14}.Release|x86.ActiveCfg = Release|Any CPU
		{F0B6F78D-2D7E-42C1-8B46-FDDA983C2A14}.Release|x86.Build.0 = Release|Any CPU
		{F49EC512-1841-42B7-A8B8-A06EC39DF5BB}.Debug|Any CPU.ActiveCfg = Debug|Any CPU
		{F49EC512-1841-42B7-A8B8-A06EC39DF5BB}.Debug|Any CPU.Build.0 = Debug|Any CPU
		{F49EC512-1841-42B7-A8B8-A06EC39DF5BB}.Debug|x64.ActiveCfg = Debug|Any CPU
		{F49EC512-1841-42B7-A8B8-A06EC39DF5BB}.Debug|x64.Build.0 = Debug|Any CPU
		{F49EC512-1841-42B7-A8B8-A06EC39DF5BB}.Debug|x86.ActiveCfg = Debug|Any CPU
		{F49EC512-1841-42B7-A8B8-A06EC39DF5BB}.Debug|x86.Build.0 = Debug|Any CPU
		{F49EC512-1841-42B7-A8B8-A06EC39DF5BB}.Release|Any CPU.ActiveCfg = Release|Any CPU
		{F49EC512-1841-42B7-A8B8-A06EC39DF5BB}.Release|Any CPU.Build.0 = Release|Any CPU
		{F49EC512-1841-42B7-A8B8-A06EC39DF5BB}.Release|x64.ActiveCfg = Release|Any CPU
		{F49EC512-1841-42B7-A8B8-A06EC39DF5BB}.Release|x64.Build.0 = Release|Any CPU
		{F49EC512-1841-42B7-A8B8-A06EC39DF5BB}.Release|x86.ActiveCfg = Release|Any CPU
		{F49EC512-1841-42B7-A8B8-A06EC39DF5BB}.Release|x86.Build.0 = Release|Any CPU
		{F99FCD81-FF31-4D8E-B93F-98EDF9E779D3}.Debug|Any CPU.ActiveCfg = Debug|Any CPU
		{F99FCD81-FF31-4D8E-B93F-98EDF9E779D3}.Debug|Any CPU.Build.0 = Debug|Any CPU
		{F99FCD81-FF31-4D8E-B93F-98EDF9E779D3}.Debug|x64.ActiveCfg = Debug|Any CPU
		{F99FCD81-FF31-4D8E-B93F-98EDF9E779D3}.Debug|x64.Build.0 = Debug|Any CPU
		{F99FCD81-FF31-4D8E-B93F-98EDF9E779D3}.Debug|x86.ActiveCfg = Debug|Any CPU
		{F99FCD81-FF31-4D8E-B93F-98EDF9E779D3}.Debug|x86.Build.0 = Debug|Any CPU
		{F99FCD81-FF31-4D8E-B93F-98EDF9E779D3}.Release|Any CPU.ActiveCfg = Release|Any CPU
		{F99FCD81-FF31-4D8E-B93F-98EDF9E779D3}.Release|Any CPU.Build.0 = Release|Any CPU
		{F99FCD81-FF31-4D8E-B93F-98EDF9E779D3}.Release|x64.ActiveCfg = Release|Any CPU
		{F99FCD81-FF31-4D8E-B93F-98EDF9E779D3}.Release|x64.Build.0 = Release|Any CPU
		{F99FCD81-FF31-4D8E-B93F-98EDF9E779D3}.Release|x86.ActiveCfg = Release|Any CPU
		{F99FCD81-FF31-4D8E-B93F-98EDF9E779D3}.Release|x86.Build.0 = Release|Any CPU
	EndGlobalSection
	GlobalSection(NestedProjects) = preSolution
		{58DB82DA-60BC-402E-B2B2-E2ECA450CDA9} = {90AE6D86-DF20-4309-8A9D-9500AB0289D7}
		{E3BF4DFE-6036-4F23-B652-4B6FD867E6CD} = {90AE6D86-DF20-4309-8A9D-9500AB0289D7}
		{F49EC512-1841-42B7-A8B8-A06EC39DF5BB} = {90AE6D86-DF20-4309-8A9D-9500AB0289D7}
		{F54C8DE4-B99C-4554-ABD2-472D91FB116F} = {16009403-BD94-489E-AFF3-061CE94C51DB}
		{37A80176-B2BB-4E9B-AE73-C928F6651521} = {16009403-BD94-489E-AFF3-061CE94C51DB}
		{15C808F7-0D49-4C8D-84AA-557580D09F64} = {16009403-BD94-489E-AFF3-061CE94C51DB}
		{9A813B7E-C341-43B8-9350-A74CE6AA8DB6} = {16009403-BD94-489E-AFF3-061CE94C51DB}
		{DDBB08EF-8E25-460D-A0CC-30AA699C36BD} = {16009403-BD94-489E-AFF3-061CE94C51DB}
		{F0B6F78D-2D7E-42C1-8B46-FDDA983C2A14} = {16009403-BD94-489E-AFF3-061CE94C51DB}
		{017A46B5-8941-41E9-A314-300120CEA88F} = {16009403-BD94-489E-AFF3-061CE94C51DB}
		{B8E9C5D8-C05E-4618-BEDA-F41D075CA67C} = {16009403-BD94-489E-AFF3-061CE94C51DB}
		{D7B6A20A-C467-4ABA-A735-A8027C5C51E8} = {16009403-BD94-489E-AFF3-061CE94C51DB}
		{A4A9EAAA-4BCF-4858-A1DF-2C2E123A434F} = {16009403-BD94-489E-AFF3-061CE94C51DB}
		{60ADE416-A272-4B93-BE12-A85A69D49A23} = {16009403-BD94-489E-AFF3-061CE94C51DB}
		{F99FCD81-FF31-4D8E-B93F-98EDF9E779D3} = {16009403-BD94-489E-AFF3-061CE94C51DB}
		{7979C76C-1918-44E2-990C-CB08C9B40F77} = {16009403-BD94-489E-AFF3-061CE94C51DB}
		{B8337EFC-F674-4E1D-A482-4CE26ACD45A4} = {7979C76C-1918-44E2-990C-CB08C9B40F77}
		{99150715-ABE9-46C2-8471-7ED93316397F} = {7979C76C-1918-44E2-990C-CB08C9B40F77}
	EndGlobalSection
EndGlobal
